Microsoft Visual Studio Solution File, Format Version 12.00
# Visual Studio Version 17
VisualStudioVersion = 17.5.2.0
MinimumVisualStudioVersion = 10.0.40219.1
Project("{FAE04EC0-301F-11D3-BF4B-00C04F79EFBC}") = "RSVPApp", "RSVPApp.csproj", "{D07243E8-2446-1AAE-E20E-FEFBE0DDD078}"
EndProject
Global
	GlobalSection(SolutionConfigurationPlatforms) = preSolution
		Debug|Any CPU = Debug|Any CPU
		Release|Any CPU = Release|Any CPU
	EndGlobalSection
	GlobalSection(ProjectConfigurationPlatforms) = postSolution
		{D07243E8-2446-1AAE-E20E-FEFBE0DDD078}.Debug|Any CPU.ActiveCfg = Debug|Any CPU
		{D07243E8-2446-1AAE-E20E-FEFBE0DDD078}.Debug|Any CPU.Build.0 = Debug|Any CPU
		{D07243E8-2446-1AAE-E20E-FEFBE0DDD078}.Release|Any CPU.ActiveCfg = Release|Any CPU
		{D07243E8-2446-1AAE-E20E-FEFBE0DDD078}.Release|Any CPU.Build.0 = Release|Any CPU
	EndGlobalSection
	GlobalSection(SolutionProperties) = preSolution
		HideSolutionNode = FALSE
	EndGlobalSection
	GlobalSection(ExtensibilityGlobals) = postSolution
		SolutionGuid = {472C8090-CD27-48BF-9513-A10EA29761E9}
	EndGlobalSection
EndGlobal
